PODS:
  - Flutter (1.0.0)
  - flutter_no_cpp_src (0.0.1):
    - Flutter

DEPENDENCIES:
  - Flutter (from `Flutter`)
  - flutter_no_cpp_src (from `.symlinks/plugins/flutter_no_cpp_src/ios`)

EXTERNAL SOURCES:
  Flutter:
    :path: Flutter
  flutter_no_cpp_src:
    :path: ".symlinks/plugins/flutter_no_cpp_src/ios"

SPEC CHECKSUMS:
  Flutter: 0e3d915762c693b495b44d77113d4970485de6ec
  flutter_no_cpp_src: a04cadf9b01ea467ca2562825cc1f37964668a77

PODFILE CHECKSUM: 1b66dae606f75376c5f2135a8290850eeb09ae83

COCOAPODS: 1.8.4
